<?xml version="1.0" encoding="utf-8"?>
<Project ToolsVersion="4.0" xmlns="http://schemas.microsoft.com/developer/msbuild/2003">
  <ItemGroup>
    <Filter Include="Arquivos de Origem">
      <UniqueIdentifier>{4FC737F1-C7A5-4376-A066-2A32D752A2FF}</UniqueIdentifier>
      <Extensions>cpp;c;cc;cxx;c++;cppm;ixx;def;odl;idl;hpj;bat;asm;asmx</Extensions>
    </Filter>
    <Filter Include="Arquivos de Cabeçalho">
      <UniqueIdentifier>{93995380-89BD-4b04-88EB-625FBE52EBFB}</UniqueIdentifier>
      <Extensions>h;hh;hpp;hxx;h++;hm;inl;inc;ipp;xsd</Extensions>
    </Filter>
    <Filter Include="Arquivos de Recurso">
      <UniqueIdentifier>{67DA6AB6-F800-4c08-8B7A-83BB121AAD01}</UniqueIdentifier>
      <Extensions>rc;ico;cur;bmp;dlg;rc2;rct;bin;rgs;gif;jpg;jpeg;jpe;resx;tiff;tif;png;wav;mfcribbon-ms</Extensions>
    </Filter>
    <Filter Include="Arquivos de Cabeçalho\Strategies">
      <UniqueIdentifier>{ed99f67c-209a-4e24-a553-ff3d36dce24f}</UniqueIdentifier>
    </Filter>
    <Filter Include="Arquivos de Origem\Strategies">
      <UniqueIdentifier>{bda5f75d-e8e8-49f9-82e0-63372fca7bb2}</UniqueIdentifier>
    </Filter>
  </ItemGroup>
  <ItemGroup>
    <ClCompile Include="TOMWare.cpp">
      <Filter>Arquivos de Origem</Filter>
    </ClCompile>
    <ClCompile Include="Utils.cpp">
      <Filter>Arquivos de Origem</Filter>
    </ClCompile>
    <ClCompile Include="Instrumentation.cpp">
      <Filter>Arquivos de Origem</Filter>
    </ClCompile>
    <ClCompile Include="InstrumentationUtils.cpp">
      <Filter>Arquivos de Origem</Filter>
    </ClCompile>
    <ClCompile Include="InstEnvReset.cpp">
      <Filter>Arquivos de Origem\Strategies</Filter>
    </ClCompile>
    <ClCompile Include="InstMemcmpMask.cpp">
      <Filter>Arquivos de Origem\Strategies</Filter>
    </ClCompile>
    <ClCompile Include="SkewMask.cpp">
      <Filter>Arquivos de Origem\Strategies</Filter>
    </ClCompile>
  </ItemGroup>
  <ItemGroup>
    <ClInclude Include="InstrumentationStrategy.h">
      <Filter>Arquivos de Cabeçalho</Filter>
    </ClInclude>
    <ClInclude Include="NtStructures.h">
      <Filter>Arquivos de Cabeçalho</Filter>
    </ClInclude>
    <ClInclude Include="Utils.h">
      <Filter>Arquivos de Cabeçalho</Filter>
    </ClInclude>
    <ClInclude Include="Instrumentation.h">
      <Filter>Arquivos de Cabeçalho</Filter>
    </ClInclude>
    <ClInclude Include="InstrumentationUtils.h">
      <Filter>Arquivos de Cabeçalho</Filter>
    </ClInclude>
    <ClInclude Include="InstEnvReset.h">
      <Filter>Arquivos de Cabeçalho\Strategies</Filter>
    </ClInclude>
    <ClInclude Include="InstMemcmpMask.h">
      <Filter>Arquivos de Cabeçalho\Strategies</Filter>
    </ClInclude>
    <ClInclude Include="SkewMask.h">
      <Filter>Arquivos de Cabeçalho\Strategies</Filter>
    </ClInclude>
  </ItemGroup>
</Project>